
Microsoft Visual Studio Solution File, Format Version 12.00
# Visual Studio Version 17
VisualStudioVersion = 17.9.34723.18
MinimumVisualStudioVersion = 10.0.40219.1
Project("{FAE04EC0-301F-11D3-BF4B-00C04F79EFBC}") = "23521525_Assignment5", "23521525_Assignment5\23521525_Assignment5.csproj", "{370C963A-5F47-4EE7-A6F6-E601E5052259}"
EndProject
Global
	GlobalSection(SolutionConfigurationPlatforms) = preSolution
		Debug|Any CPU = Debug|Any CPU
		Release|Any CPU = Release|Any CPU
	EndGlobalSection
	GlobalSection(ProjectConfigurationPlatforms) = postSolution
		{370C963A-5F47-4EE7-A6F6-E601E5052259}.Debug|Any CPU.ActiveCfg = Debug|Any CPU
		{370C963A-5F47-4EE7-A6F6-E601E5052259}.Debug|Any CPU.Build.0 = Debug|Any CPU
		{370C963A-5F47-4EE7-A6F6-E601E5052259}.Release|Any CPU.ActiveCfg = Release|Any CPU
		{370C963A-5F47-4EE7-A6F6-E601E5052259}.Release|Any CPU.Build.0 = Release|Any CPU
	EndGlobalSection
	GlobalSection(SolutionProperties) = preSolution
		HideSolutionNode = FALSE
	EndGlobalSection
	GlobalSection(ExtensibilityGlobals) = postSolution
		SolutionGuid = {74FD229C-A5AF-4A4D-A6A3-F30886B19A16}
	EndGlobalSection
EndGlobal
